# This file is automatically @generated by Cargo.
# It is not intended for manual editing.
version = 4

[[package]]
name = "lkjmc-cli"
version = "0.0.0"

[[package]]
name = "lkjmc-core"
version = "0.0.0"

[[package]]
name = "lkjmc-daemon"
version = "0.0.0"

[[package]]
name = "lkjmc-store"
version = "0.0.0"

[[package]]
name = "lkjmc-xtask"
version = "0.0.0"
